// !$*UTF8*$!
{
	archiveVersion = 1;
	classes = {
	};
	objectVersion = 50;
	objects = {

/* Begin PBXBuildFile section */
		9A013406232C36C9001952F4 /* AppDelegate.swift in Sources */ = {isa = PBXBuildFile; fileRef = 9A013405232C36C9001952F4 /* AppDelegate.swift */; };
		9A013408232C36C9001952F4 /* ViewController.swift in Sources */ = {isa = PBXBuildFile; fileRef = 9A013407232C36C9001952F4 /* ViewController.swift */; };
		9A01340B232C36C9001952F4 /* Main.storyboard in Resources */ = {isa = PBXBuildFile; fileRef = 9A013409232C36C9001952F4 /* Main.storyboard */; };
		9A01340D232C36CA001952F4 /* Assets.xcassets in Resources */ = {isa = PBXBuildFile; fileRef = 9A01340C232C36CA001952F4 /* Assets.xcassets */; };
		9A013410232C36CA001952F4 /* LaunchScreen.storyboard in Resources */ = {isa = PBXBuildFile; fileRef = 9A01340E232C36CA001952F4 /* LaunchScreen.storyboard */; };
		9A23D157232D9A3800B67B0D /* Concentration.swift in Sources */ = {isa = PBXBuildFile; fileRef = 9A23D156232D9A3800B67B0D /* Concentration.swift */; };
		9A23D159232D9B1900B67B0D /* Card.swift in Sources */ = {isa = PBXBuildFile; fileRef = 9A23D158232D9B1900B67B0D /* Card.swift */; };
/* End PBXBuildFile section */

/* Begin PBXFileReference section */
		9A013402232C36C9001952F4 /* cs193p.app */ = {isa = PBXFileReference; explicitFileType = wrapper.application; includeInIndex = 0; path = cs193p.app; sourceTree = BUILT_PRODUCTS_DIR; };
		9A013405232C36C9001952F4 /* AppDelegate.swift */ = {isa = PBXFileReference; lastKnownFileType = sourcecode.swift; path = AppDelegate.swift; sourceTree = "<group>"; };
		9A013407232C36C9001952F4 /* ViewController.swift */ = {isa = PBXFileReference; lastKnownFileType = sourcecode.swift; path = ViewController.swift; sourceTree = "<group>"; };
		9A01340A232C36C9001952F4 /* Base */ = {isa = PBXFileReference; lastKnownFileType = file.storyboard; name = Base; path = Base.lproj/Main.storyboard; sourceTree = "<group>"; };
		9A01340C232C36CA001952F4 /* Assets.xcassets */ = {isa = PBXFileReference; lastKnownFileType = folder.assetcatalog; path = Assets.xcassets; sourceTree = "<group>"; };
		9A01340F232C36CA001952F4 /* Base */ = {isa = PBXFileReference; lastKnownFileType = file.storyboard; name = Base; path = Base.lproj/LaunchScreen.storyboard; sourceTree = "<group>"; };
		9A013411232C36CA001952F4 /* Info.plist */ = {isa = PBXFileReference; lastKnownFileType = text.plist.xml; path = Info.plist; sourceTree = "<group>"; };
		9A23D156232D9A3800B67B0D /* Concentration.swift */ = {isa = PBXFileReference; lastKnownFileType = sourcecode.swift; path = Concentration.swift; sourceTree = "<group>"; };
		9A23D158232D9B1900B67B0D /* Card.swift */ = {isa = PBXFileReference; lastKnownFileType = sourcecode.swift; path = Card.swift; sourceTree = "<group>"; };
/* End PBXFileReference section */

/* Begin PBXFrameworksBuildPhase section */
		9A0133FF232C36C9001952F4 /* Frameworks */ = {
			isa = PBXFrameworksBuildPhase;
			buildActionMask = 2147483647;
			files = (
			);
			runOnlyForDeploymentPostprocessing = 0;
		};
/* End PBXFrameworksBuildPhase section */

/* Begin PBXGroup section */
		9A0133F9232C36C9001952F4 = {
			isa = PBXGroup;
			children = (
				9A013404232C36C9001952F4 /* cs193p */,
				9A013403232C36C9001952F4 /* Products */,
			);
			sourceTree = "<group>";
		};
		9A013403232C36C9001952F4 /* Products */ = {
			isa = PBXGroup;
			children = (
				9A013402232C36C9001952F4 /* cs193p.app */,
			);
			name = Products;
			sourceTree = "<group>";
		};
		9A013404232C36C9001952F4 /* cs193p */ = {
			isa = PBXGroup;
			children = (
				9A23D156232D9A3800B67B0D /* Concentration.swift */,
				9A23D158232D9B1900B67B0D /* Card.swift */,
				9A013405232C36C9001952F4 /* AppDelegate.swift */,
				9A013407232C36C9001952F4 /* ViewController.swift */,
				9A013409232C36C9001952F4 /* Main.storyboard */,
				9A01340C232C36CA001952F4 /* Assets.xcassets */,
				9A01340E232C36CA001952F4 /* LaunchScreen.storyboard */,
				9A013411232C36CA001952F4 /* Info.plist */,
			);
			path = cs193p;
			sourceTree = "<group>";
		};
/* End PBXGroup section */

/* Begin PBXNativeTarget section */
		9A013401232C36C9001952F4 /* cs193p */ = {
			isa = PBXNativeTarget;
			buildConfigurationList = 9A013414232C36CA001952F4 /* Build configuration list for PBXNativeTarget "cs193p" */;
			buildPhases = (
				9A0133FE232C36C9001952F4 /* Sources */,
				9A0133FF232C36C9001952F4 /* Frameworks */,
				9A013400232C36C9001952F4 /* Resources */,
			);
			buildRules = (
			);
			dependencies = (
			);
			name = cs193p;
			productName = cs193p;
			productReference = 9A013402232C36C9001952F4 /* cs193p.app */;
			productType = "com.apple.product-type.application";
		};
/* End PBXNativeTarget section */

/* Begin PBXProject section */
		9A0133FA232C36C9001952F4 /* Project object */ = {
			isa = PBXProject;
			attributes = {
				LastSwiftUpdateCheck = 1030;
				LastUpgradeCheck = 1030;
				ORGANIZATIONNAME = "mac mini";
				TargetAttributes = {
					9A013401232C36C9001952F4 = {
						CreatedOnToolsVersion = 10.3;
					};
				};
			};
			buildConfigurationList = 9A0133FD232C36C9001952F4 /* Build configuration list for PBXProject "cs193p" */;
			compatibilityVersion = "Xcode 9.3";
			developmentRegion = en;
			hasScannedForEncodings = 0;
			knownRegions = (
				en,
				Base,
			);
			mainGroup = 9A0133F9232C36C9001952F4;
			productRefGroup = 9A013403232C36C9001952F4 /* Products */;
			projectDirPath = "";
			projectRoot = "";
			targets = (
				9A013401232C36C9001952F4 /* cs193p */,
			);
		};
/* End PBXProject section */

/* Begin PBXResourcesBuildPhase section */
		9A013400232C36C9001952F4 /* Resources */ = {
			isa = PBXResourcesBuildPhase;
			buildActionMask = 2147483647;
			files = (
				9A013410232C36CA001952F4 /* LaunchScreen.storyboard in Resources */,
				9A01340D232C36CA001952F4 /* Assets.xcassets in Resources */,
				9A01340B232C36C9001952F4 /* Main.storyboard in Resources */,
			);
			runOnlyForDeploymentPostprocessing = 0;
		};
/* End PBXResourcesBuildPhase section */

/* Begin PBXSourcesBuildPhase section */
		9A0133FE232C36C9001952F4 /* Sources */ = {
			isa = PBXSourcesBuildPhase;
			buildActionMask = 2147483647;
			files = (
				9A013408232C36C9001952F4 /* ViewController.swift in Sources */,
				9A013406232C36C9001952F4 /* AppDelegate.swift in Sources */,
				9A23D157232D9A3800B67B0D /* Concentration.swift in Sources */,
				9A23D159232D9B1900B67B0D /* Card.swift in Sources */,
			);
			runOnlyForDeploymentPostprocessing = 0;
		};
/* End PBXSourcesBuildPhase section */

/* Begin PBXVariantGroup section */
		9A013409232C36C9001952F4 /* Main.storyboard */ = {
			isa = PBXVariantGroup;
			children = (
				9A01340A232C36C9001952F4 /* Base */,
			);
			name = Main.storyboard;
			sourceTree = "<group>";
		};
		9A01340E232C36CA001952F4 /* LaunchScreen.storyboard */ = {
			isa = PBXVariantGroup;
			children = (
				9A01340F232C36CA001952F4 /* Base */,
			);
			name = LaunchScreen.storyboard;
			sourceTree = "<group>";
		};
/* End PBXVariantGroup section */

/* Begin XCBuildConfiguration section */
		9A013412232C36CA001952F4 /* Debug */ = {
			isa = XCBuildConfiguration;
			buildSettings = {
				ALWAYS_SEARCH_USER_PATHS = NO;
				CLANG_ANALYZER_NONNULL = YES;
				CLANG_ANALYZER_NUMBER_OBJECT_CONVERSION = YES_AGGRESSIVE;
				CLANG_CXX_LANGUAGE_STANDARD = "gnu++14";
				CLANG_CXX_LIBRARY = "libc++";
				CLANG_ENABLE_MODULES = YES;
				CLANG_ENABLE_OBJC_ARC = YES;
				CLANG_ENABLE_OBJC_WEAK = YES;
				CLANG_WARN_BLOCK_CAPTURE_AUTORELEASING = YES;
				CLANG_WARN_BOOL_CONVERSION = YES;
				CLANG_WARN_COMMA = YES;
				CLANG_WARN_CONSTANT_CONVERSION = YES;
				CLANG_WARN_DEPRECATED_OBJC_IMPLEMENTATIONS = YES;
				CLANG_WARN_DIRECT_OBJC_ISA_USAGE = YES_ERROR;
				CLANG_WARN_DOCUMENTATION_COMMENTS = YES;
				CLANG_WARN_EMPTY_BODY = YES;
				CLANG_WARN_ENUM_CONVERSION = YES;
				CLANG_WARN_INFINITE_RECURSION = YES;
				CLANG_WARN_INT_CONVERSION = YES;
				CLANG_WARN_NON_LITERAL_NULL_CONVERSION = YES;
				CLANG_WARN_OBJC_IMPLICIT_RETAIN_SELF = YES;
				CLANG_WARN_OBJC_LITERAL_CONVERSION = YES;
				CLANG_WARN_OBJC_ROOT_CLASS = YES_ERROR;
				CLANG_WARN_RANGE_LOOP_ANALYSIS = YES;
				CLANG_WARN_STRICT_PROTOTYPES = YES;
				CLANG_WARN_SUSPICIOUS_MOVE = YES;
				CLANG_WARN_UNGUARDED_AVAILABILITY = YES_AGGRESSIVE;
				CLANG_WARN_UNREACHABLE_CODE = YES;
				CLANG_WARN__DUPLICATE_METHOD_MATCH = YES;
				CODE_SIGN_IDENTITY = "iPhone Developer";
				COPY_PHASE_STRIP = NO;
				DEBUG_INFORMATION_FORMAT = dwarf;
				ENABLE_STRICT_OBJC_MSGSEND = YES;
				ENABLE_TESTABILITY = YES;
				GCC_C_LANGUAGE_STANDARD = gnu11;
				GCC_DYNAMIC_NO_PIC = NO;
				GCC_NO_COMMON_BLOCKS = YES;
				GCC_OPTIMIZATION_LEVEL = 0;
				GCC_PREPROCESSOR_DEFINITIONS = (
					"DEBUG=1",
					"$(inherited)",
				);
				GCC_WARN_64_TO_32_BIT_CONVERSION = YES;
				GCC_WARN_ABOUT_RETURN_TYPE = YES_ERROR;
				GCC_WARN_UNDECLARED_SELECTOR = YES;
				GCC_WARN_UNINITIALIZED_AUTOS = YES_AGGRESSIVE;
				GCC_WARN_UNUSED_FUNCTION = YES;
				GCC_WARN_UNUSED_VARIABLE = YES;
				IPHONEOS_DEPLOYMENT_TARGET = 12.4;
				MTL_ENABLE_DEBUG_INFO = INCLUDE_SOURCE;
				MTL_FAST_MATH = YES;
				ONLY_ACTIVE_ARCH = YES;
				SDKROOT = iphoneos;
				SWIFT_ACTIVE_COMPILATION_CONDITIONS = DEBUG;
				SWIFT_OPTIMIZATION_LEVEL = "-Onone";
			};
			name = Debug;
		};
		9A013413232C36CA001952F4 /* Release */ = {
			isa = XCBuildConfiguration;
			buildSettings = {
				ALWAYS_SEARCH_USER_PATHS = NO;
				CLANG_ANALYZER_NONNULL = YES;
				CLANG_ANALYZER_NUMBER_OBJECT_CONVERSION = YES_AGGRESSIVE;
				CLANG_CXX_LANGUAGE_STANDARD = "gnu++14";
				CLANG_CXX_LIBRARY = "libc++";
				CLANG_ENABLE_MODULES = YES;
				CLANG_ENABLE_OBJC_ARC = YES;
				CLANG_ENABLE_OBJC_WEAK = YES;
				CLANG_WARN_BLOCK_CAPTURE_AUTORELEASING = YES;
				CLANG_WARN_BOOL_CONVERSION = YES;
				CLANG_WARN_COMMA = YES;
				CLANG_WARN_CONSTANT_CONVERSION = YES;
				CLANG_WARN_DEPRECATED_OBJC_IMPLEMENTATIONS = YES;
				CLANG_WARN_DIRECT_OBJC_ISA_USAGE = YES_ERROR;
				CLANG_WARN_DOCUMENTATION_COMMENTS = YES;
				CLANG_WARN_EMPTY_BODY = YES;
				CLANG_WARN_ENUM_CONVERSION = YES;
				CLANG_WARN_INFINITE_RECURSION = YES;
				CLANG_WARN_INT_CONVERSION = YES;
				CLANG_WARN_NON_LITERAL_NULL_CONVERSION = YES;
				CLANG_WARN_OBJC_IMPLICIT_RETAIN_SELF = YES;
				CLANG_WARN_OBJC_LITERAL_CONVERSION = YES;
				CLANG_WARN_OBJC_ROOT_CLASS = YES_ERROR;
				CLANG_WARN_RANGE_LOOP_ANALYSIS = YES;
				CLANG_WARN_STRICT_PROTOTYPES = YES;
				CLANG_WARN_SUSPICIOUS_MOVE = YES;
				CLANG_WARN_UNGUARDED_AVAILABILITY = YES_AGGRESSIVE;
				CLANG_WARN_UNREACHABLE_CODE = YES;
				CLANG_WARN__DUPLICATE_METHOD_MATCH = YES;
				CODE_SIGN_IDENTITY = "iPhone Developer";
				COPY_PHASE_STRIP = NO;
				DEBUG_INFORMATION_FORMAT = "dwarf-with-dsym";
				ENABLE_NS_ASSERTIONS = NO;
				ENABLE_STRICT_OBJC_MSGSEND = YES;
				GCC_C_LANGUAGE_STANDARD = gnu11;
				GCC_NO_COMMON_BLOCKS = YES;
				GCC_WARN_64_TO_32_BIT_CONVERSION = YES;
				GCC_WARN_ABOUT_RETURN_TYPE = YES_ERROR;
				GCC_WARN_UNDECLARED_SELECTOR = YES;
				GCC_WARN_UNINITIALIZED_AUTOS = YES_AGGRESSIVE;
				GCC_WARN_UNUSED_FUNCTION = YES;
				GCC_WARN_UNUSED_VARIABLE = YES;
				IPHONEOS_DEPLOYMENT_TARGET = 12.4;
				MTL_ENABLE_DEBUG_INFO = NO;
				MTL_FAST_MATH = YES;
				SDKROOT = iphoneos;
				SWIFT_COMPILATION_MODE = wholemodule;
				SWIFT_OPTIMIZATION_LEVEL = "-O";
				VALIDATE_PRODUCT = YES;
			};
			name = Release;
		};
		9A013415232C36CA001952F4 /* Debug */ = {
			isa = XCBuildConfiguration;
			buildSettings = {
				ASSETCATALOG_COMPILER_APPICON_NAME = AppIcon;
				CODE_SIGN_STYLE = Automatic;
				DEVELOPMENT_TEAM = 2SGRJYBJR3;
				INFOPLIST_FILE = cs193p/Info.plist;
				LD_RUNPATH_SEARCH_PATHS = (
					"$(inherited)",
					"@executable_path/Frameworks",
				);
				PRODUCT_BUNDLE_IDENTIFIER = xyz.drfj.cs193p;
				PRODUCT_NAME = "$(TARGET_NAME)";
				SWIFT_VERSION = 5.0;
				TARGETED_DEVICE_FAMILY = "1,2";
			};
			name = Debug;
		};
		9A013416232C36CA001952F4 /* Release */ = {
			isa = XCBuildConfiguration;
			buildSettings = {
				ASSETCATALOG_COMPILER_APPICON_NAME = AppIcon;
				CODE_SIGN_STYLE = Automatic;
				DEVELOPMENT_TEAM = 2SGRJYBJR3;
				INFOPLIST_FILE = cs193p/Info.plist;
				LD_RUNPATH_SEARCH_PATHS = (
					"$(inherited)",
					"@executable_path/Frameworks",
				);
				PRODUCT_BUNDLE_IDENTIFIER = xyz.drfj.cs193p;
				PRODUCT_NAME = "$(TARGET_NAME)";
				SWIFT_VERSION = 5.0;
				TARGETED_DEVICE_FAMILY = "1,2";
			};
			name = Release;
		};
/* End XCBuildConfiguration section */

/* Begin XCConfigurationList section */
		9A0133FD232C36C9001952F4 /* Build configuration list for PBXProject "cs193p" */ = {
			isa = XCConfigurationList;
			buildConfigurations = (
				9A013412232C36CA001952F4 /* Debug */,
				9A013413232C36CA001952F4 /* Release */,
			);
			defaultConfigurationIsVisible = 0;
			defaultConfigurationName = Release;
		};
		9A013414232C36CA001952F4 /* Build configuration list for PBXNativeTarget "cs193p" */ = {
			isa = XCConfigurationList;
			buildConfigurations = (
				9A013415232C36CA001952F4 /* Debug */,
				9A013416232C36CA001952F4 /* Release */,
			);
			defaultConfigurationIsVisible = 0;
			defaultConfigurationName = Release;
		};
/* End XCConfigurationList section */
	};
	rootObject = 9A0133FA232C36C9001952F4 /* Project object */;
}
